PODS:
  - agora_rtc_engine (5.3.1):
    - AgoraIrisRTC_iOS (= 3.7.0.3)
    - AgoraRtcEngine_iOS (= 3.7.0.3)
    - Flutter
  - AgoraIrisRTC_iOS (3.7.0.3)
  - AgoraRtcEngine_iOS (3.7.0.3):
    - AgoraRtcEngine_iOS/AINS (= 3.7.0.3)
    - AgoraRtcEngine_iOS/AV1Dec (= 3.7.0.3)
    - AgoraRtcEngine_iOS/ContentInspect (= 3.7.0.3)
    - AgoraRtcEngine_iOS/FullAudioFormat (= 3.7.0.3)
    - AgoraRtcEngine_iOS/ReplayKit (= 3.7.0.3)
    - AgoraRtcEngine_iOS/ROIEnc (= 3.7.0.3)
    - AgoraRtcEngine_iOS/RtcBasic (= 3.7.0.3)
    - AgoraRtcEngine_iOS/SpatialAudio (= 3.7.0.3)
    - AgoraRtcEngine_iOS/SuperResolution (= 3.7.0.3)
    - AgoraRtcEngine_iOS/VideoPreprocess (= 3.7.0.3)
    - AgoraRtcEngine_iOS/VirtualBackground (= 3.7.0.3)
  - AgoraRtcEngine_iOS/AINS (3.7.0.3)
  - AgoraRtcEngine_iOS/AV1Dec (3.7.0.3)
  - AgoraRtcEngine_iOS/ContentInspect (3.7.0.3)
  - AgoraRtcEngine_iOS/FullAudioFormat (3.7.0.3)
  - AgoraRtcEngine_iOS/ReplayKit (3.7.0.3)
  - AgoraRtcEngine_iOS/ROIEnc (3.7.0.3)
  - AgoraRtcEngine_iOS/RtcBasic (3.7.0.3)
  - AgoraRtcEngine_iOS/SpatialAudio (3.7.0.3)
  - AgoraRtcEngine_iOS/SuperResolution (3.7.0.3)
  - AgoraRtcEngine_iOS/VideoPreprocess (3.7.0.3)
  - AgoraRtcEngine_iOS/VirtualBackground (3.7.0.3)
  - audio_streamer (0.0.1):
    - Flutter
  - camera_avfoundation (0.0.1):
    - Flutter
  - cloud_firestore (4.4.5):
    - Firebase/Firestore (= 10.6.0)
    - firebase_core
    - Flutter
    - nanopb (< 2.30910.0, >= 2.30908.0)
  - cloud_functions (4.0.13):
    - Firebase/Functions (= 10.6.0)
    - firebase_core
    - Flutter
  - Firebase/Analytics (10.6.0):
    - Firebase/Core
  - Firebase/AppCheck (10.6.0):
    - Firebase/CoreOnly
    - FirebaseAppCheck (~> 10.6.0)
  - Firebase/Auth (10.6.0):
    - Firebase/CoreOnly
    - FirebaseAuth (~> 10.6.0)
  - Firebase/Core (10.6.0):
    - Firebase/CoreOnly
    - FirebaseAnalytics (~> 10.6.0)
  - Firebase/CoreOnly (10.6.0):
    - FirebaseCore (= 10.6.0)
  - Firebase/Firestore (10.6.0):
    - Firebase/CoreOnly
    - FirebaseFirestore (~> 10.6.0)
  - Firebase/Functions (10.6.0):
    - Firebase/CoreOnly
    - FirebaseFunctions (~> 10.6.0)
  - Firebase/Storage (10.6.0):
    - Firebase/CoreOnly
    - FirebaseStorage (~> 10.6.0)
  - firebase_analytics (10.1.6):
    - Firebase/Analytics (= 10.6.0)
    - firebase_core
    - Flutter
  - firebase_app_check (0.1.1-14):
    - Firebase/CoreOnly (~> 10.6.0)
    - firebase_core
    - FirebaseAppCheck (~> 10.6.0-beta)
    - Flutter
  - firebase_auth (4.3.0):
    - Firebase/Auth (= 10.6.0)
    - firebase_core
    - Flutter
  - firebase_core (2.8.0):
    - Firebase/CoreOnly (= 10.6.0)
    - Flutter
  - firebase_storage (11.0.16):
    - Firebase/Storage (= 10.6.0)
    - firebase_core
    - Flutter
  - FirebaseAnalytics (10.6.0):
    - FirebaseAnalytics/AdIdSupport (= 10.6.0)
    - FirebaseCore (~> 10.0)
    - FirebaseInstallations (~> 10.0)
    - GoogleUtilities/AppDelegateSwizzler (~> 7.8)
    - GoogleUtilities/MethodSwizzler (~> 7.8)
    - GoogleUtilities/Network (~> 7.8)
    - "GoogleUtilities/NSData+zlib (~> 7.8)"
    - nanopb (< 2.30910.0, >= 2.30908.0)
  - FirebaseAnalytics/AdIdSupport (10.6.0):
    - FirebaseCore (~> 10.0)
    - FirebaseInstallations (~> 10.0)
    - GoogleAppMeasurement (= 10.6.0)
    - GoogleUtilities/AppDelegateSwizzler (~> 7.8)
    - GoogleUtilities/MethodSwizzler (~> 7.8)
    - GoogleUtilities/Network (~> 7.8)
    - "GoogleUtilities/NSData+zlib (~> 7.8)"
    - nanopb (< 2.30910.0, >= 2.30908.0)
  - FirebaseAppCheck (10.6.0):
    - FirebaseCore (~> 10.0)
    - GoogleUtilities/Environment (~> 7.8)
    - PromisesObjC (~> 2.1)
  - FirebaseAppCheckInterop (10.6.0)
  - FirebaseAuth (10.6.0):
    - FirebaseCore (~> 10.0)
    - GoogleUtilities/AppDelegateSwizzler (~> 7.8)
    - GoogleUtilities/Environment (~> 7.8)
    - GTMSessionFetcher/Core (< 4.0, >= 2.1)
  - FirebaseAuthInterop (10.6.0)
  - FirebaseCore (10.6.0):
    - FirebaseCoreInternal (~> 10.0)
    - GoogleUtilities/Environment (~> 7.8)
    - GoogleUtilities/Logger (~> 7.8)
  - FirebaseCoreExtension (10.6.0):
    - FirebaseCore (~> 10.0)
  - FirebaseCoreInternal (10.6.0):
    - "GoogleUtilities/NSData+zlib (~> 7.8)"
  - FirebaseFirestore (10.6.0):
    - FirebaseFirestore/AutodetectLeveldb (= 10.6.0)
  - FirebaseFirestore/AutodetectLeveldb (10.6.0):
    - FirebaseFirestore/Base
    - FirebaseFirestore/WithLeveldb
  - FirebaseFirestore/Base (10.6.0)
  - FirebaseFirestore/WithLeveldb (10.6.0):
    - FirebaseFirestore/Base
  - FirebaseFunctions (10.6.0):
    - FirebaseAppCheckInterop (~> 10.0)
    - FirebaseAuthInterop (~> 10.0)
    - FirebaseCore (~> 10.0)
    - FirebaseCoreExtension (~> 10.0)
    - FirebaseMessagingInterop (~> 10.0)
    - FirebaseSharedSwift (~> 10.0)
    - GTMSessionFetcher/Core (< 4.0, >= 2.1)
  - FirebaseInstallations (10.6.0):
    - FirebaseCore (~> 10.0)
    - GoogleUtilities/Environment (~> 7.8)
    - GoogleUtilities/UserDefaults (~> 7.8)
    - PromisesObjC (~> 2.1)
  - FirebaseMessagingInterop (10.6.0)
  - FirebaseSharedSwift (10.6.0)
  - FirebaseStorage (10.6.0):
    - FirebaseAppCheckInterop (~> 10.0)
    - FirebaseAuthInterop (~> 10.0)
    - FirebaseCore (~> 10.0)
    - FirebaseCoreExtension (~> 10.0)
    - GTMSessionFetcher/Core (< 4.0, >= 2.1)
  - Flutter (1.0.0)
  - flutter_foreground_task (0.0.1):
    - Flutter
  - flutter_keyboard_visibility (0.0.1):
    - Flutter
  - flutter_sim_country_code (0.0.1):
    - Flutter
  - FMDB (2.7.5):
    - FMDB/standard (= 2.7.5)
  - FMDB/standard (2.7.5)
  - GoogleAppMeasurement (10.6.0):
    - GoogleAppMeasurement/AdIdSupport (= 10.6.0)
    - GoogleUtilities/AppDelegateSwizzler (~> 7.8)
    - GoogleUtilities/MethodSwizzler (~> 7.8)
    - GoogleUtilities/Network (~> 7.8)
    - "GoogleUtilities/NSData+zlib (~> 7.8)"
    - nanopb (< 2.30910.0, >= 2.30908.0)
  - GoogleAppMeasurement/AdIdSupport (10.6.0):
    - GoogleAppMeasurement/WithoutAdIdSupport (= 10.6.0)
    - GoogleUtilities/AppDelegateSwizzler (~> 7.8)
    - GoogleUtilities/MethodSwizzler (~> 7.8)
    - GoogleUtilities/Network (~> 7.8)
    - "GoogleUtilities/NSData+zlib (~> 7.8)"
    - nanopb (< 2.30910.0, >= 2.30908.0)
  - GoogleAppMeasurement/WithoutAdIdSupport (10.6.0):
    - GoogleUtilities/AppDelegateSwizzler (~> 7.8)
    - GoogleUtilities/MethodSwizzler (~> 7.8)
    - GoogleUtilities/Network (~> 7.8)
    - "GoogleUtilities/NSData+zlib (~> 7.8)"
    - nanopb (< 2.30910.0, >= 2.30908.0)
  - GoogleUtilities/AppDelegateSwizzler (7.11.0):
    - GoogleUtilities/Environment
    - GoogleUtilities/Logger
    - GoogleUtilities/Network
  - GoogleUtilities/Environment (7.11.0):
    - PromisesObjC (< 3.0, >= 1.2)
  - GoogleUtilities/Logger (7.11.0):
    - GoogleUtilities/Environment
  - GoogleUtilities/MethodSwizzler (7.11.0):
    - GoogleUtilities/Logger
  - GoogleUtilities/Network (7.11.0):
    - GoogleUtilities/Logger
    - "GoogleUtilities/NSData+zlib"
    - GoogleUtilities/Reachability
  - "GoogleUtilities/NSData+zlib (7.11.0)"
  - GoogleUtilities/Reachability (7.11.0):
    - GoogleUtilities/Logger
  - GoogleUtilities/UserDefaults (7.11.0):
    - GoogleUtilities/Logger
  - GTMSessionFetcher/Core (3.1.0)
  - image_picker_ios (0.0.1):
    - Flutter
  - nanopb (2.30909.0):
    - nanopb/decode (= 2.30909.0)
    - nanopb/encode (= 2.30909.0)
  - nanopb/decode (2.30909.0)
  - nanopb/encode (2.30909.0)
  - package_info_plus (0.4.5):
    - Flutter
  - path_provider_foundation (0.0.1):
    - Flutter
    - FlutterMacOS
  - permission_handler_apple (9.0.4):
    - Flutter
  - PromisesObjC (2.2.0)
  - Sentry/HybridSDK (8.3.1):
    - SentryPrivate (= 8.3.1)
  - sentry_flutter (0.0.1):
    - Flutter
    - FlutterMacOS
    - Sentry/HybridSDK (= 8.3.1)
  - SentryPrivate (8.3.1)
  - share_plus (0.0.1):
    - Flutter
  - shared_preferences_foundation (0.0.1):
    - Flutter
    - FlutterMacOS
  - sqflite (0.0.2):
    - Flutter
    - FMDB (>= 2.7.5)
  - url_launcher_ios (0.0.1):
    - Flutter
  - wakelock (0.0.1):
    - Flutter

DEPENDENCIES:
  - agora_rtc_engine (from `.symlinks/plugins/agora_rtc_engine/ios`)
  - audio_streamer (from `.symlinks/plugins/audio_streamer/ios`)
  - camera_avfoundation (from `.symlinks/plugins/camera_avfoundation/ios`)
  - cloud_firestore (from `.symlinks/plugins/cloud_firestore/ios`)
  - cloud_functions (from `.symlinks/plugins/cloud_functions/ios`)
  - Firebase/AppCheck
  - firebase_analytics (from `.symlinks/plugins/firebase_analytics/ios`)
  - firebase_app_check (from `.symlinks/plugins/firebase_app_check/ios`)
  - firebase_auth (from `.symlinks/plugins/firebase_auth/ios`)
  - firebase_core (from `.symlinks/plugins/firebase_core/ios`)
  - firebase_storage (from `.symlinks/plugins/firebase_storage/ios`)
  - FirebaseFirestore (from `https://github.com/invertase/firestore-ios-sdk-frameworks.git`, tag `10.6.0`)
  - Flutter (from `Flutter`)
  - flutter_foreground_task (from `.symlinks/plugins/flutter_foreground_task/ios`)
  - flutter_keyboard_visibility (from `.symlinks/plugins/flutter_keyboard_visibility/ios`)
  - flutter_sim_country_code (from `.symlinks/plugins/flutter_sim_country_code/ios`)
  - image_picker_ios (from `.symlinks/plugins/image_picker_ios/ios`)
  - package_info_plus (from `.symlinks/plugins/package_info_plus/ios`)
  - path_provider_foundation (from `.symlinks/plugins/path_provider_foundation/ios`)
  - permission_handler_apple (from `.symlinks/plugins/permission_handler_apple/ios`)
  - sentry_flutter (from `.symlinks/plugins/sentry_flutter/ios`)
  - share_plus (from `.symlinks/plugins/share_plus/ios`)
  - shared_preferences_foundation (from `.symlinks/plugins/shared_preferences_foundation/ios`)
  - sqflite (from `.symlinks/plugins/sqflite/ios`)
  - url_launcher_ios (from `.symlinks/plugins/url_launcher_ios/ios`)
  - wakelock (from `.symlinks/plugins/wakelock/ios`)

SPEC REPOS:
  trunk:
    - AgoraIrisRTC_iOS
    - AgoraRtcEngine_iOS
    - Firebase
    - FirebaseAnalytics
    - FirebaseAppCheck
    - FirebaseAppCheckInterop
    - FirebaseAuth
    - FirebaseAuthInterop
    - FirebaseCore
    - FirebaseCoreExtension
    - FirebaseCoreInternal
    - FirebaseFunctions
    - FirebaseInstallations
    - FirebaseMessagingInterop
    - FirebaseSharedSwift
    - FirebaseStorage
    - FMDB
    - GoogleAppMeasurement
    - GoogleUtilities
    - GTMSessionFetcher
    - nanopb
    - PromisesObjC
    - Sentry
    - SentryPrivate

EXTERNAL SOURCES:
  agora_rtc_engine:
    :path: ".symlinks/plugins/agora_rtc_engine/ios"
  audio_streamer:
    :path: ".symlinks/plugins/audio_streamer/ios"
  camera_avfoundation:
    :path: ".symlinks/plugins/camera_avfoundation/ios"
  cloud_firestore:
    :path: ".symlinks/plugins/cloud_firestore/ios"
  cloud_functions:
    :path: ".symlinks/plugins/cloud_functions/ios"
  firebase_analytics:
    :path: ".symlinks/plugins/firebase_analytics/ios"
  firebase_app_check:
    :path: ".symlinks/plugins/firebase_app_check/ios"
  firebase_auth:
    :path: ".symlinks/plugins/firebase_auth/ios"
  firebase_core:
    :path: ".symlinks/plugins/firebase_core/ios"
  firebase_storage:
    :path: ".symlinks/plugins/firebase_storage/ios"
  FirebaseFirestore:
    :git: https://github.com/invertase/firestore-ios-sdk-frameworks.git
    :tag: 10.6.0
  Flutter:
    :path: Flutter
  flutter_foreground_task:
    :path: ".symlinks/plugins/flutter_foreground_task/ios"
  flutter_keyboard_visibility:
    :path: ".symlinks/plugins/flutter_keyboard_visibility/ios"
  flutter_sim_country_code:
    :path: ".symlinks/plugins/flutter_sim_country_code/ios"
  image_picker_ios:
    :path: ".symlinks/plugins/image_picker_ios/ios"
  package_info_plus:
    :path: ".symlinks/plugins/package_info_plus/ios"
  path_provider_foundation:
    :path: ".symlinks/plugins/path_provider_foundation/ios"
  permission_handler_apple:
    :path: ".symlinks/plugins/permission_handler_apple/ios"
  sentry_flutter:
    :path: ".symlinks/plugins/sentry_flutter/ios"
  share_plus:
    :path: ".symlinks/plugins/share_plus/ios"
  shared_preferences_foundation:
    :path: ".symlinks/plugins/shared_preferences_foundation/ios"
  sqflite:
    :path: ".symlinks/plugins/sqflite/ios"
  url_launcher_ios:
    :path: ".symlinks/plugins/url_launcher_ios/ios"
  wakelock:
    :path: ".symlinks/plugins/wakelock/ios"

CHECKOUT OPTIONS:
  FirebaseFirestore:
    :git: https://github.com/invertase/firestore-ios-sdk-frameworks.git
    :tag: 10.6.0

SPEC CHECKSUMS:
  agora_rtc_engine: 47e0ddc177bae1b85eb00d01a0ea546d87ce0b8b
  AgoraIrisRTC_iOS: d802443ae16f043e7b2805c978880eb62ee8154c
  AgoraRtcEngine_iOS: 549bb3853d5afb18fabca4197786f39f31141da8
  audio_streamer: af49e73eb66f71c4eeabb4bbcb05f122d03a6709
  camera_avfoundation: 3125e8cd1a4387f6f31c6c63abb8a55892a9eeeb
  cloud_firestore: ad043705a33fa70971b31cb760ce54051576aa84
  cloud_functions: 535896961b2c42350ae76f62eb01a273997c5fd2
  Firebase: f13680471b021937f2230ea8503c7809d8c29806
  firebase_analytics: 97d12c9683531ba3f923a798a95362e7590f0757
  firebase_app_check: aa521b54379af998c95b05dca104b7f14a9c1ecc
  firebase_auth: aa94601a07cad33a3f95c8c1ce8ba86d00ca3d9a
  firebase_core: 58542d7399889ebdbb034baa72d081e54c5c814d
  firebase_storage: 12bbcaea18ebca39a1e73470440a53ea86342f14
  FirebaseAnalytics: 9f382605c5ee412b039212f054bf7a403d9850c1
  FirebaseAppCheck: 3977b20650f45cc5f67704044e5c5e925e933c20
  FirebaseAppCheckInterop: 13e5394346a811e7158cc136c01f10e3302a3514
  FirebaseAuth: 743e5cd568af59d6d99a91ea9300843672515cf7
  FirebaseAuthInterop: e407335bca1938d65c58db8f4ad14b3c1f862a82
  FirebaseCore: fa80ad16a62d52f67274b5b88304c3a318bbf9a4
  FirebaseCoreExtension: 318e5ee9ad4092b00423c2bddd51c3f5c3585973
  FirebaseCoreInternal: c7cd505e2136811096b225ac388d6254a2622362
  FirebaseFirestore: df71432ff91c434caedb0a55fce23a7d23c88a0c
  FirebaseFunctions: 00d1f36edb73f589b7b22af06abc097d144644d9
  FirebaseInstallations: 13dde135fa0524e15bddb133ccc8465c53a1b3f3
  FirebaseMessagingInterop: 9607c116534fc11e11925a312da989a5dd8e6827
  FirebaseSharedSwift: 103ae5bacb5468cd7727ae141f338fa94d7ee1f2
  FirebaseStorage: 10d4f43a4ef98e7554da72197ad52216686ea990
  Flutter: f04841e97a9d0b0a8025694d0796dd46242b2854
  flutter_foreground_task: 21ef182ab0a29a3005cc72cd70e5f45cb7f7f817
  flutter_keyboard_visibility: 0339d06371254c3eb25eeb90ba8d17dca8f9c069
  flutter_sim_country_code: 364e91e71f067cdec1dd1228eb4d1f13ab1a54e5
  FMDB: 2ce00b547f966261cd18927a3ddb07cb6f3db82a
  GoogleAppMeasurement: 686b48c3c895f3c55c70719041913d5d150b74f6
  GoogleUtilities: c2bdc4cf2ce786c4d2e6b3bcfd599a25ca78f06f
  GTMSessionFetcher: c9e714f7eec91a55641e2bab9f45fd83a219b882
  image_picker_ios: 4a8aadfbb6dc30ad5141a2ce3832af9214a705b5
  nanopb: b552cce312b6c8484180ef47159bc0f65a1f0431
  package_info_plus: 6c92f08e1f853dc01228d6f553146438dafcd14e
  path_provider_foundation: c68054786f1b4f3343858c1e1d0caaded73f0be9
  permission_handler_apple: 44366e37eaf29454a1e7b1b7d736c2cceaeb17ce
  PromisesObjC: 09985d6d70fbe7878040aa746d78236e6946d2ef
  Sentry: 316f997b2f89557014ae9919f0d0c71e6e43c01e
  sentry_flutter: f0e51fac01e46af2e16f0a7458e3014bbc131ff5
  SentryPrivate: 63dd9ee25187d20427ab7b5d03054df149912c23
  share_plus: 056a1e8ac890df3e33cb503afffaf1e9b4fbae68
  shared_preferences_foundation: 986fc17f3d3251412d18b0265f9c64113a8c2472
  sqflite: 6d358c025f5b867b29ed92fc697fd34924e11904
  url_launcher_ios: 08a3dfac5fb39e8759aeb0abbd5d9480f30fc8b4
  wakelock: d0fc7c864128eac40eba1617cb5264d9c940b46f

PODFILE CHECKSUM: 575c10ea1104ee27c3b8518ce5adbb306ce55559

COCOAPODS: 1.12.0
